// !$*UTF8*$!
{
	archiveVersion = 1;
	classes = {
	};
	objectVersion = 48;
	objects = {

/* Begin PBXBuildFile section */
		EDD0E4911FBF64E70054FC5B /* GameStatus.swift in Sources */ = {isa = PBXBuildFile; fileRef = EDD0E4901FBF64E70054FC5B /* GameStatus.swift */; };
		EDD0E4931FBF64F20054FC5B /* BlackJackPresenter.swift in Sources */ = {isa = PBXBuildFile; fileRef = EDD0E4921FBF64F20054FC5B /* BlackJackPresenter.swift */; };
		EDD0E4951FBF650B0054FC5B /* BlackJackViewController.swift in Sources */ = {isa = PBXBuildFile; fileRef = EDD0E4941FBF650B0054FC5B /* BlackJackViewController.swift */; };
		EDD0E4971FBF65110054FC5B /* ViewControllerProtocol.swift in Sources */ = {isa = PBXBuildFile; fileRef = EDD0E4961FBF65110054FC5B /* ViewControllerProtocol.swift */; };
		EDE00F4E1FBADB330025BD27 /* AppDelegate.swift in Sources */ = {isa = PBXBuildFile; fileRef = EDE00F4D1FBADB330025BD27 /* AppDelegate.swift */; };
		EDE00F531FBADB330025BD27 /* Main.storyboard in Resources */ = {isa = PBXBuildFile; fileRef = EDE00F511FBADB330025BD27 /* Main.storyboard */; };
		EDE00F551FBADB330025BD27 /* Assets.xcassets in Resources */ = {isa = PBXBuildFile; fileRef = EDE00F541FBADB330025BD27 /* Assets.xcassets */; };
		EDE00F581FBADB330025BD27 /* LaunchScreen.storyboard in Resources */ = {isa = PBXBuildFile; fileRef = EDE00F561FBADB330025BD27 /* LaunchScreen.storyboard */; };
		EDE00F761FBF02330025BD27 /* Card.swift in Sources */ = {isa = PBXBuildFile; fileRef = EDE00F751FBF02330025BD27 /* Card.swift */; };
		EDF15C9B1FBF1F70002A020D /* Board.swift in Sources */ = {isa = PBXBuildFile; fileRef = EDF15C9A1FBF1F70002A020D /* Board.swift */; };
/* End PBXBuildFile section */

/* Begin PBXFileReference section */
		EDD0E4901FBF64E70054FC5B /* GameStatus.swift */ = {isa = PBXFileReference; fileEncoding = 4; lastKnownFileType = sourcecode.swift; path = GameStatus.swift; sourceTree = "<group>"; };
		EDD0E4921FBF64F20054FC5B /* BlackJackPresenter.swift */ = {isa = PBXFileReference; fileEncoding = 4; lastKnownFileType = sourcecode.swift; path = BlackJackPresenter.swift; sourceTree = "<group>"; };
		EDD0E4941FBF650B0054FC5B /* BlackJackViewController.swift */ = {isa = PBXFileReference; fileEncoding = 4; lastKnownFileType = sourcecode.swift; path = BlackJackViewController.swift; sourceTree = "<group>"; };
		EDD0E4961FBF65110054FC5B /* ViewControllerProtocol.swift */ = {isa = PBXFileReference; fileEncoding = 4; lastKnownFileType = sourcecode.swift; path = ViewControllerProtocol.swift; sourceTree = "<group>"; };
		EDE00F4A1FBADB330025BD27 /* PokerGame.app */ = {isa = PBXFileReference; explicitFileType = wrapper.application; includeInIndex = 0; path = PokerGame.app; sourceTree = BUILT_PRODUCTS_DIR; };
		EDE00F4D1FBADB330025BD27 /* AppDelegate.swift */ = {isa = PBXFileReference; lastKnownFileType = sourcecode.swift; path = AppDelegate.swift; sourceTree = "<group>"; };
		EDE00F521FBADB330025BD27 /* Base */ = {isa = PBXFileReference; lastKnownFileType = file.storyboard; name = Base; path = Base.lproj/Main.storyboard; sourceTree = "<group>"; };
		EDE00F541FBADB330025BD27 /* Assets.xcassets */ = {isa = PBXFileReference; lastKnownFileType = folder.assetcatalog; path = Assets.xcassets; sourceTree = "<group>"; };
		EDE00F571FBADB330025BD27 /* Base */ = {isa = PBXFileReference; lastKnownFileType = file.storyboard; name = Base; path = Base.lproj/LaunchScreen.storyboard; sourceTree = "<group>"; };
		EDE00F591FBADB330025BD27 /* Info.plist */ = {isa = PBXFileReference; lastKnownFileType = text.plist.xml; path = Info.plist; sourceTree = "<group>"; };
		EDE00F751FBF02330025BD27 /* Card.swift */ = {isa = PBXFileReference; lastKnownFileType = sourcecode.swift; path = Card.swift; sourceTree = "<group>"; };
		EDF15C9A1FBF1F70002A020D /* Board.swift */ = {isa = PBXFileReference; lastKnownFileType = sourcecode.swift; path = Board.swift; sourceTree = "<group>"; };
/* End PBXFileReference section */

/* Begin PBXFrameworksBuildPhase section */
		EDE00F471FBADB330025BD27 /* Frameworks */ = {
			isa = PBXFrameworksBuildPhase;
			buildActionMask = 2147483647;
			files = (
			);
			runOnlyForDeploymentPostprocessing = 0;
		};
/* End PBXFrameworksBuildPhase section */

/* Begin PBXGroup section */
		EDE00F411FBADB330025BD27 = {
			isa = PBXGroup;
			children = (
				EDE00F4C1FBADB330025BD27 /* PokerGame */,
				EDE00F4B1FBADB330025BD27 /* Products */,
			);
			sourceTree = "<group>";
		};
		EDE00F4B1FBADB330025BD27 /* Products */ = {
			isa = PBXGroup;
			children = (
				EDE00F4A1FBADB330025BD27 /* PokerGame.app */,
			);
			name = Products;
			sourceTree = "<group>";
		};
		EDE00F4C1FBADB330025BD27 /* PokerGame */ = {
			isa = PBXGroup;
			children = (
				EDE00F791FBF04870025BD27 /* presenter */,
				EDE00F781FBF03F50025BD27 /* view */,
				EDE00F771FBF03E30025BD27 /* model */,
				EDE00F4D1FBADB330025BD27 /* AppDelegate.swift */,
				EDE00F541FBADB330025BD27 /* Assets.xcassets */,
				EDE00F561FBADB330025BD27 /* LaunchScreen.storyboard */,
				EDE00F591FBADB330025BD27 /* Info.plist */,
			);
			path = PokerGame;
			sourceTree = "<group>";
		};
		EDE00F771FBF03E30025BD27 /* model */ = {
			isa = PBXGroup;
			children = (
				EDD0E4901FBF64E70054FC5B /* GameStatus.swift */,
				EDE00F751FBF02330025BD27 /* Card.swift */,
				EDF15C9A1FBF1F70002A020D /* Board.swift */,
			);
			path = model;
			sourceTree = "<group>";
		};
		EDE00F781FBF03F50025BD27 /* view */ = {
			isa = PBXGroup;
			children = (
				EDD0E4961FBF65110054FC5B /* ViewControllerProtocol.swift */,
				EDD0E4941FBF650B0054FC5B /* BlackJackViewController.swift */,
				EDE00F511FBADB330025BD27 /* Main.storyboard */,
			);
			path = view;
			sourceTree = "<group>";
		};
		EDE00F791FBF04870025BD27 /* presenter */ = {
			isa = PBXGroup;
			children = (
				EDD0E4921FBF64F20054FC5B /* BlackJackPresenter.swift */,
			);
			path = presenter;
			sourceTree = "<group>";
		};
/* End PBXGroup section */

/* Begin PBXNativeTarget section */
		EDE00F491FBADB330025BD27 /* PokerGame */ = {
			isa = PBXNativeTarget;
			buildConfigurationList = EDE00F5C1FBADB330025BD27 /* Build configuration list for PBXNativeTarget "PokerGame" */;
			buildPhases = (
				EDE00F461FBADB330025BD27 /* Sources */,
				EDE00F471FBADB330025BD27 /* Frameworks */,
				EDE00F481FBADB330025BD27 /* Resources */,
			);
			buildRules = (
			);
			dependencies = (
			);
			name = PokerGame;
			productName = PokerGame;
			productReference = EDE00F4A1FBADB330025BD27 /* PokerGame.app */;
			productType = "com.apple.product-type.application";
		};
/* End PBXNativeTarget section */

/* Begin PBXProject section */
		EDE00F421FBADB330025BD27 /* Project object */ = {
			isa = PBXProject;
			attributes = {
				LastSwiftUpdateCheck = 0910;
				LastUpgradeCheck = 0910;
				ORGANIZATIONNAME = yomi;
				TargetAttributes = {
					EDE00F491FBADB330025BD27 = {
						CreatedOnToolsVersion = 9.1;
						ProvisioningStyle = Automatic;
					};
				};
			};
			buildConfigurationList = EDE00F451FBADB330025BD27 /* Build configuration list for PBXProject "PokerGame" */;
			compatibilityVersion = "Xcode 8.0";
			developmentRegion = en;
			hasScannedForEncodings = 0;
			knownRegions = (
				en,
				Base,
			);
			mainGroup = EDE00F411FBADB330025BD27;
			productRefGroup = EDE00F4B1FBADB330025BD27 /* Products */;
			projectDirPath = "";
			projectRoot = "";
			targets = (
				EDE00F491FBADB330025BD27 /* PokerGame */,
			);
		};
/* End PBXProject section */

/* Begin PBXResourcesBuildPhase section */
		EDE00F481FBADB330025BD27 /* Resources */ = {
			isa = PBXResourcesBuildPhase;
			buildActionMask = 2147483647;
			files = (
				EDE00F581FBADB330025BD27 /* LaunchScreen.storyboard in Resources */,
				EDE00F551FBADB330025BD27 /* Assets.xcassets in Resources */,
				EDE00F531FBADB330025BD27 /* Main.storyboard in Resources */,
			);
			runOnlyForDeploymentPostprocessing = 0;
		};
/* End PBXResourcesBuildPhase section */

/* Begin PBXSourcesBuildPhase section */
		EDE00F461FBADB330025BD27 /* Sources */ = {
			isa = PBXSourcesBuildPhase;
			buildActionMask = 2147483647;
			files = (
				EDD0E4911FBF64E70054FC5B /* GameStatus.swift in Sources */,
				EDE00F761FBF02330025BD27 /* Card.swift in Sources */,
				EDD0E4971FBF65110054FC5B /* ViewControllerProtocol.swift in Sources */,
				EDF15C9B1FBF1F70002A020D /* Board.swift in Sources */,
				EDD0E4951FBF650B0054FC5B /* BlackJackViewController.swift in Sources */,
				EDD0E4931FBF64F20054FC5B /* BlackJackPresenter.swift in Sources */,
				EDE00F4E1FBADB330025BD27 /* AppDelegate.swift in Sources */,
			);
			runOnlyForDeploymentPostprocessing = 0;
		};
/* End PBXSourcesBuildPhase section */

/* Begin PBXVariantGroup section */
		EDE00F511FBADB330025BD27 /* Main.storyboard */ = {
			isa = PBXVariantGroup;
			children = (
				EDE00F521FBADB330025BD27 /* Base */,
			);
			name = Main.storyboard;
			sourceTree = "<group>";
		};
		EDE00F561FBADB330025BD27 /* LaunchScreen.storyboard */ = {
			isa = PBXVariantGroup;
			children = (
				EDE00F571FBADB330025BD27 /* Base */,
			);
			name = LaunchScreen.storyboard;
			sourceTree = "<group>";
		};
/* End PBXVariantGroup section */

/* Begin XCBuildConfiguration section */
		EDE00F5A1FBADB330025BD27 /* Debug */ = {
			isa = XCBuildConfiguration;
			buildSettings = {
				ALWAYS_SEARCH_USER_PATHS = NO;
				CLANG_ANALYZER_NONNULL = YES;
				CLANG_ANALYZER_NUMBER_OBJECT_CONVERSION = YES_AGGRESSIVE;
				CLANG_CXX_LANGUAGE_STANDARD = "gnu++14";
				CLANG_CXX_LIBRARY = "libc++";
				CLANG_ENABLE_MODULES = YES;
				CLANG_ENABLE_OBJC_ARC = YES;
				CLANG_WARN_BLOCK_CAPTURE_AUTORELEASING = YES;
				CLANG_WARN_BOOL_CONVERSION = YES;
				CLANG_WARN_COMMA = YES;
				CLANG_WARN_CONSTANT_CONVERSION = YES;
				CLANG_WARN_DIRECT_OBJC_ISA_USAGE = YES_ERROR;
				CLANG_WARN_DOCUMENTATION_COMMENTS = YES;
				CLANG_WARN_EMPTY_BODY = YES;
				CLANG_WARN_ENUM_CONVERSION = YES;
				CLANG_WARN_INFINITE_RECURSION = YES;
				CLANG_WARN_INT_CONVERSION = YES;
				CLANG_WARN_NON_LITERAL_NULL_CONVERSION = YES;
				CLANG_WARN_OBJC_LITERAL_CONVERSION = YES;
				CLANG_WARN_OBJC_ROOT_CLASS = YES_ERROR;
				CLANG_WARN_RANGE_LOOP_ANALYSIS = YES;
				CLANG_WARN_STRICT_PROTOTYPES = YES;
				CLANG_WARN_SUSPICIOUS_MOVE = YES;
				CLANG_WARN_UNGUARDED_AVAILABILITY = YES_AGGRESSIVE;
				CLANG_WARN_UNREACHABLE_CODE = YES;
				CLANG_WARN__DUPLICATE_METHOD_MATCH = YES;
				CODE_SIGN_IDENTITY = "iPhone Developer";
				COPY_PHASE_STRIP = NO;
				DEBUG_INFORMATION_FORMAT = dwarf;
				ENABLE_STRICT_OBJC_MSGSEND = YES;
				ENABLE_TESTABILITY = YES;
				GCC_C_LANGUAGE_STANDARD = gnu11;
				GCC_DYNAMIC_NO_PIC = NO;
				GCC_NO_COMMON_BLOCKS = YES;
				GCC_OPTIMIZATION_LEVEL = 0;
				GCC_PREPROCESSOR_DEFINITIONS = (
					"DEBUG=1",
					"$(inherited)",
				);
				GCC_WARN_64_TO_32_BIT_CONVERSION = YES;
				GCC_WARN_ABOUT_RETURN_TYPE = YES_ERROR;
				GCC_WARN_UNDECLARED_SELECTOR = YES;
				GCC_WARN_UNINITIALIZED_AUTOS = YES_AGGRESSIVE;
				GCC_WARN_UNUSED_FUNCTION = YES;
				GCC_WARN_UNUSED_VARIABLE = YES;
				IPHONEOS_DEPLOYMENT_TARGET = 11.1;
				MTL_ENABLE_DEBUG_INFO = YES;
				ONLY_ACTIVE_ARCH = YES;
				SDKROOT = iphoneos;
				SWIFT_ACTIVE_COMPILATION_CONDITIONS = DEBUG;
				SWIFT_OPTIMIZATION_LEVEL = "-Onone";
			};
			name = Debug;
		};
		EDE00F5B1FBADB330025BD27 /* Release */ = {
			isa = XCBuildConfiguration;
			buildSettings = {
				ALWAYS_SEARCH_USER_PATHS = NO;
				CLANG_ANALYZER_NONNULL = YES;
				CLANG_ANALYZER_NUMBER_OBJECT_CONVERSION = YES_AGGRESSIVE;
				CLANG_CXX_LANGUAGE_STANDARD = "gnu++14";
				CLANG_CXX_LIBRARY = "libc++";
				CLANG_ENABLE_MODULES = YES;
				CLANG_ENABLE_OBJC_ARC = YES;
				CLANG_WARN_BLOCK_CAPTURE_AUTORELEASING = YES;
				CLANG_WARN_BOOL_CONVERSION = YES;
				CLANG_WARN_COMMA = YES;
				CLANG_WARN_CONSTANT_CONVERSION = YES;
				CLANG_WARN_DIRECT_OBJC_ISA_USAGE = YES_ERROR;
				CLANG_WARN_DOCUMENTATION_COMMENTS = YES;
				CLANG_WARN_EMPTY_BODY = YES;
				CLANG_WARN_ENUM_CONVERSION = YES;
				CLANG_WARN_INFINITE_RECURSION = YES;
				CLANG_WARN_INT_CONVERSION = YES;
				CLANG_WARN_NON_LITERAL_NULL_CONVERSION = YES;
				CLANG_WARN_OBJC_LITERAL_CONVERSION = YES;
				CLANG_WARN_OBJC_ROOT_CLASS = YES_ERROR;
				CLANG_WARN_RANGE_LOOP_ANALYSIS = YES;
				CLANG_WARN_STRICT_PROTOTYPES = YES;
				CLANG_WARN_SUSPICIOUS_MOVE = YES;
				CLANG_WARN_UNGUARDED_AVAILABILITY = YES_AGGRESSIVE;
				CLANG_WARN_UNREACHABLE_CODE = YES;
				CLANG_WARN__DUPLICATE_METHOD_MATCH = YES;
				CODE_SIGN_IDENTITY = "iPhone Developer";
				COPY_PHASE_STRIP = NO;
				DEBUG_INFORMATION_FORMAT = "dwarf-with-dsym";
				ENABLE_NS_ASSERTIONS = NO;
				ENABLE_STRICT_OBJC_MSGSEND = YES;
				GCC_C_LANGUAGE_STANDARD = gnu11;
				GCC_NO_COMMON_BLOCKS = YES;
				GCC_WARN_64_TO_32_BIT_CONVERSION = YES;
				GCC_WARN_ABOUT_RETURN_TYPE = YES_ERROR;
				GCC_WARN_UNDECLARED_SELECTOR = YES;
				GCC_WARN_UNINITIALIZED_AUTOS = YES_AGGRESSIVE;
				GCC_WARN_UNUSED_FUNCTION = YES;
				GCC_WARN_UNUSED_VARIABLE = YES;
				IPHONEOS_DEPLOYMENT_TARGET = 11.1;
				MTL_ENABLE_DEBUG_INFO = NO;
				SDKROOT = iphoneos;
				SWIFT_OPTIMIZATION_LEVEL = "-Owholemodule";
				VALIDATE_PRODUCT = YES;
			};
			name = Release;
		};
		EDE00F5D1FBADB330025BD27 /* Debug */ = {
			isa = XCBuildConfiguration;
			buildSettings = {
				ASSETCATALOG_COMPILER_APPICON_NAME = AppIcon;
				CODE_SIGN_STYLE = Automatic;
				DEVELOPMENT_TEAM = E4X2Y9E7BF;
				INFOPLIST_FILE = PokerGame/Info.plist;
				LD_RUNPATH_SEARCH_PATHS = "$(inherited) @executable_path/Frameworks";
				PRODUCT_BUNDLE_IDENTIFIER = com.lesson.PokerGame;
				PRODUCT_NAME = "$(TARGET_NAME)";
				SWIFT_VERSION = 4.0;
				TARGETED_DEVICE_FAMILY = 1;
			};
			name = Debug;
		};
		EDE00F5E1FBADB330025BD27 /* Release */ = {
			isa = XCBuildConfiguration;
			buildSettings = {
				ASSETCATALOG_COMPILER_APPICON_NAME = AppIcon;
				CODE_SIGN_STYLE = Automatic;
				DEVELOPMENT_TEAM = E4X2Y9E7BF;
				INFOPLIST_FILE = PokerGame/Info.plist;
				LD_RUNPATH_SEARCH_PATHS = "$(inherited) @executable_path/Frameworks";
				PRODUCT_BUNDLE_IDENTIFIER = com.lesson.PokerGame;
				PRODUCT_NAME = "$(TARGET_NAME)";
				SWIFT_VERSION = 4.0;
				TARGETED_DEVICE_FAMILY = 1;
			};
			name = Release;
		};
/* End XCBuildConfiguration section */

/* Begin XCConfigurationList section */
		EDE00F451FBADB330025BD27 /* Build configuration list for PBXProject "PokerGame" */ = {
			isa = XCConfigurationList;
			buildConfigurations = (
				EDE00F5A1FBADB330025BD27 /* Debug */,
				EDE00F5B1FBADB330025BD27 /* Release */,
			);
			defaultConfigurationIsVisible = 0;
			defaultConfigurationName = Release;
		};
		EDE00F5C1FBADB330025BD27 /* Build configuration list for PBXNativeTarget "PokerGame" */ = {
			isa = XCConfigurationList;
			buildConfigurations = (
				EDE00F5D1FBADB330025BD27 /* Debug */,
				EDE00F5E1FBADB330025BD27 /* Release */,
			);
			defaultConfigurationIsVisible = 0;
			defaultConfigurationName = Release;
		};
/* End XCConfigurationList section */
	};
	rootObject = EDE00F421FBADB330025BD27 /* Project object */;
}
